
Microsoft Visual Studio Solution File, Format Version 12.00
# Visual Studio Version 16
VisualStudioVersion = 16.0.30413.136
MinimumVisualStudioVersion = 10.0.40219.1
Project("{9A19103F-16F7-4668-BE54-9A1E7A4F7556}") = "Assignment", ".\todo\Assignment.csproj", "{75938D8E-5D75-4DAE-A42F-FBE30BE828B7}"
EndProject
Project("{FAE04EC0-301F-11D3-BF4B-00C04F79EFBC}") = "Assignment.Test", ".\todo-unit-test\Assignment.Test.csproj", "{158D2CC0-81EF-457C-B31D-7EDABB67B782}"
EndProject
Global
	GlobalSection(SolutionConfigurationPlatforms) = preSolution
		Debug|Any CPU = Debug|Any CPU
		Release|Any CPU = Release|Any CPU
	EndGlobalSection
	GlobalSection(ProjectConfigurationPlatforms) = postSolution
		{75938D8E-5D75-4DAE-A42F-FBE30BE828B7}.Debug|Any CPU.ActiveCfg = Debug|Any CPU
		{75938D8E-5D75-4DAE-A42F-FBE30BE828B7}.Debug|Any CPU.Build.0 = Debug|Any CPU
		{75938D8E-5D75-4DAE-A42F-FBE30BE828B7}.Release|Any CPU.ActiveCfg = Release|Any CPU
		{75938D8E-5D75-4DAE-A42F-FBE30BE828B7}.Release|Any CPU.Build.0 = Release|Any CPU
		{158D2CC0-81EF-457C-B31D-7EDABB67B782}.Debug|Any CPU.ActiveCfg = Debug|Any CPU
		{158D2CC0-81EF-457C-B31D-7EDABB67B782}.Debug|Any CPU.Build.0 = Debug|Any CPU
		{158D2CC0-81EF-457C-B31D-7EDABB67B782}.Release|Any CPU.ActiveCfg = Release|Any CPU
		{158D2CC0-81EF-457C-B31D-7EDABB67B782}.Release|Any CPU.Build.0 = Release|Any CPU
	EndGlobalSection
	GlobalSection(SolutionProperties) = preSolution
		HideSolutionNode = FALSE
	EndGlobalSection
	GlobalSection(ExtensibilityGlobals) = postSolution
		SolutionGuid = {46D7D8FA-1EE0-439D-99DA-F6C209EE624B}
	EndGlobalSection
EndGlobal
